{
  "name": "testscanerrust",
  "lockfileVersion": 3,
  "requires": true,
  "packages": {
    "": {
      "dependencies": {
        "rustcatch": "^0.3.2"
      }
    },
    "node_modules/rustcatch": {
      "version": "0.3.2",
      "resolved": "https://registry.npmjs.org/rustcatch/-/rustcatch-0.3.2.tgz",
      "integrity": "sha512-wZJrMUzXM2rJ5+VKhx0xJtZ7+hwRsK3cWrcv12Ae9OHeFJvlS7Q0FEZy7iPQ4xU6rl0G1EVoDiF509IMlubM+w==",
      "license": "MIT"
    }
  }
}
